// !$*UTF8*$!
{
	archiveVersion = 1;
	classes = {
	};
	objectVersion = 46;
	objects = {

/* Begin PBXBuildFile section */
		D899D7FB1A843A28002127DC /* AppDelegate.swift in Sources */ = {isa = PBXBuildFile; fileRef = D899D7FA1A843A28002127DC /* AppDelegate.swift */; };
		D899D7FD1A843A28002127DC /* ViewController.swift in Sources */ = {isa = PBXBuildFile; fileRef = D899D7FC1A843A28002127DC /* ViewController.swift */; };
		D899D8001A843A28002127DC /* Main.storyboard in Resources */ = {isa = PBXBuildFile; fileRef = D899D7FE1A843A28002127DC /* Main.storyboard */; };
		D899D8021A843A28002127DC /* Images.xcassets in Resources */ = {isa = PBXBuildFile; fileRef = D899D8011A843A28002127DC /* Images.xcassets */; };
		D899D8051A843A28002127DC /* LaunchScreen.xib in Resources */ = {isa = PBXBuildFile; fileRef = D899D8031A843A28002127DC /* LaunchScreen.xib */; };
		D899D8111A843A28002127DC /* PostcardTests.swift in Sources */ = {isa = PBXBuildFile; fileRef = D899D8101A843A28002127DC /* PostcardTests.swift */; };
		D899D81B1A855499002127DC /* SagradaFamilia.jpeg in Resources */ = {isa = PBXBuildFile; fileRef = D899D81A1A855499002127DC /* SagradaFamilia.jpeg */; };
		D899D81D1A855763002127DC /* AlbertEinsteinStamp.jpg in Resources */ = {isa = PBXBuildFile; fileRef = D899D81C1A855763002127DC /* AlbertEinsteinStamp.jpg */; };
/* End PBXBuildFile section */

/* Begin PBXContainerItemProxy section */
		D899D80B1A843A28002127DC /* PBXContainerItemProxy */ = {
			isa = PBXContainerItemProxy;
			containerPortal = D899D7ED1A843A28002127DC /* Project object */;
			proxyType = 1;
			remoteGlobalIDString = D899D7F41A843A28002127DC;
			remoteInfo = Postcard;
		};
/* End PBXContainerItemProxy section */

/* Begin PBXFileReference section */
		D899D7F51A843A28002127DC /* Postcard.app */ = {isa = PBXFileReference; explicitFileType = wrapper.application; includeInIndex = 0; path = Postcard.app; sourceTree = BUILT_PRODUCTS_DIR; };
		D899D7F91A843A28002127DC /* Info.plist */ = {isa = PBXFileReference; lastKnownFileType = text.plist.xml; path = Info.plist; sourceTree = "<group>"; };
		D899D7FA1A843A28002127DC /* AppDelegate.swift */ = {isa = PBXFileReference; lastKnownFileType = sourcecode.swift; path = AppDelegate.swift; sourceTree = "<group>"; };
		D899D7FC1A843A28002127DC /* ViewController.swift */ = {isa = PBXFileReference; lastKnownFileType = sourcecode.swift; path = ViewController.swift; sourceTree = "<group>"; };
		D899D7FF1A843A28002127DC /* Base */ = {isa = PBXFileReference; lastKnownFileType = file.storyboard; name = Base; path = Base.lproj/Main.storyboard; sourceTree = "<group>"; };
		D899D8011A843A28002127DC /* Images.xcassets */ = {isa = PBXFileReference; lastKnownFileType = folder.assetcatalog; path = Images.xcassets; sourceTree = "<group>"; };
		D899D8041A843A28002127DC /* Base */ = {isa = PBXFileReference; lastKnownFileType = file.xib; name = Base; path = Base.lproj/LaunchScreen.xib; sourceTree = "<group>"; };
		D899D80A1A843A28002127DC /* PostcardTests.xctest */ = {isa = PBXFileReference; explicitFileType = wrapper.cfbundle; includeInIndex = 0; path = PostcardTests.xctest; sourceTree = BUILT_PRODUCTS_DIR; };
		D899D80F1A843A28002127DC /* Info.plist */ = {isa = PBXFileReference; lastKnownFileType = text.plist.xml; path = Info.plist; sourceTree = "<group>"; };
		D899D8101A843A28002127DC /* PostcardTests.swift */ = {isa = PBXFileReference; lastKnownFileType = sourcecode.swift; path = PostcardTests.swift; sourceTree = "<group>"; };
		D899D81A1A855499002127DC /* SagradaFamilia.jpeg */ = {isa = PBXFileReference; lastKnownFileType = image.jpeg; path = SagradaFamilia.jpeg; sourceTree = "<group>"; };
		D899D81C1A855763002127DC /* AlbertEinsteinStamp.jpg */ = {isa = PBXFileReference; lastKnownFileType = image.jpeg; path = AlbertEinsteinStamp.jpg; sourceTree = "<group>"; };
/* End PBXFileReference section */

/* Begin PBXFrameworksBuildPhase section */
		D899D7F21A843A28002127DC /* Frameworks */ = {
			isa = PBXFrameworksBuildPhase;
			buildActionMask = 2147483647;
			files = (
			);
			runOnlyForDeploymentPostprocessing = 0;
		};
		D899D8071A843A28002127DC /* Frameworks */ = {
			isa = PBXFrameworksBuildPhase;
			buildActionMask = 2147483647;
			files = (
			);
			runOnlyForDeploymentPostprocessing = 0;
		};
/* End PBXFrameworksBuildPhase section */

/* Begin PBXGroup section */
		D899D7EC1A843A28002127DC = {
			isa = PBXGroup;
			children = (
				D899D7F71A843A28002127DC /* Postcard */,
				D899D80D1A843A28002127DC /* PostcardTests */,
				D899D7F61A843A28002127DC /* Products */,
			);
			sourceTree = "<group>";
		};
		D899D7F61A843A28002127DC /* Products */ = {
			isa = PBXGroup;
			children = (
				D899D7F51A843A28002127DC /* Postcard.app */,
				D899D80A1A843A28002127DC /* PostcardTests.xctest */,
			);
			name = Products;
			sourceTree = "<group>";
		};
		D899D7F71A843A28002127DC /* Postcard */ = {
			isa = PBXGroup;
			children = (
				D899D7FA1A843A28002127DC /* AppDelegate.swift */,
				D899D7FC1A843A28002127DC /* ViewController.swift */,
				D899D7FE1A843A28002127DC /* Main.storyboard */,
				D899D8011A843A28002127DC /* Images.xcassets */,
				D899D8031A843A28002127DC /* LaunchScreen.xib */,
				D899D7F81A843A28002127DC /* Supporting Files */,
			);
			path = Postcard;
			sourceTree = "<group>";
		};
		D899D7F81A843A28002127DC /* Supporting Files */ = {
			isa = PBXGroup;
			children = (
				D899D81C1A855763002127DC /* AlbertEinsteinStamp.jpg */,
				D899D81A1A855499002127DC /* SagradaFamilia.jpeg */,
				D899D7F91A843A28002127DC /* Info.plist */,
			);
			name = "Supporting Files";
			sourceTree = "<group>";
		};
		D899D80D1A843A28002127DC /* PostcardTests */ = {
			isa = PBXGroup;
			children = (
				D899D8101A843A28002127DC /* PostcardTests.swift */,
				D899D80E1A843A28002127DC /* Supporting Files */,
			);
			path = PostcardTests;
			sourceTree = "<group>";
		};
		D899D80E1A843A28002127DC /* Supporting Files */ = {
			isa = PBXGroup;
			children = (
				D899D80F1A843A28002127DC /* Info.plist */,
			);
			name = "Supporting Files";
			sourceTree = "<group>";
		};
/* End PBXGroup section */

/* Begin PBXNativeTarget section */
		D899D7F41A843A28002127DC /* Postcard */ = {
			isa = PBXNativeTarget;
			buildConfigurationList = D899D8141A843A28002127DC /* Build configuration list for PBXNativeTarget "Postcard" */;
			buildPhases = (
				D899D7F11A843A28002127DC /* Sources */,
				D899D7F21A843A28002127DC /* Frameworks */,
				D899D7F31A843A28002127DC /* Resources */,
			);
			buildRules = (
			);
			dependencies = (
			);
			name = Postcard;
			productName = Postcard;
			productReference = D899D7F51A843A28002127DC /* Postcard.app */;
			productType = "com.apple.product-type.application";
		};
		D899D8091A843A28002127DC /* PostcardTests */ = {
			isa = PBXNativeTarget;
			buildConfigurationList = D899D8171A843A28002127DC /* Build configuration list for PBXNativeTarget "PostcardTests" */;
			buildPhases = (
				D899D8061A843A28002127DC /* Sources */,
				D899D8071A843A28002127DC /* Frameworks */,
				D899D8081A843A28002127DC /* Resources */,
			);
			buildRules = (
			);
			dependencies = (
				D899D80C1A843A28002127DC /* PBXTargetDependency */,
			);
			name = PostcardTests;
			productName = PostcardTests;
			productReference = D899D80A1A843A28002127DC /* PostcardTests.xctest */;
			productType = "com.apple.product-type.bundle.unit-test";
		};
/* End PBXNativeTarget section */

/* Begin PBXProject section */
		D899D7ED1A843A28002127DC /* Project object */ = {
			isa = PBXProject;
			attributes = {
				LastUpgradeCheck = 0610;
				ORGANIZATIONNAME = "Andrew Wolff";
				TargetAttributes = {
					D899D7F41A843A28002127DC = {
						CreatedOnToolsVersion = 6.1.1;
					};
					D899D8091A843A28002127DC = {
						CreatedOnToolsVersion = 6.1.1;
						TestTargetID = D899D7F41A843A28002127DC;
					};
				};
			};
			buildConfigurationList = D899D7F01A843A28002127DC /* Build configuration list for PBXProject "Postcard" */;
			compatibilityVersion = "Xcode 3.2";
			developmentRegion = English;
			hasScannedForEncodings = 0;
			knownRegions = (
				en,
				Base,
			);
			mainGroup = D899D7EC1A843A28002127DC;
			productRefGroup = D899D7F61A843A28002127DC /* Products */;
			projectDirPath = "";
			projectRoot = "";
			targets = (
				D899D7F41A843A28002127DC /* Postcard */,
				D899D8091A843A28002127DC /* PostcardTests */,
			);
		};
/* End PBXProject section */

/* Begin PBXResourcesBuildPhase section */
		D899D7F31A843A28002127DC /* Resources */ = {
			isa = PBXResourcesBuildPhase;
			buildActionMask = 2147483647;
			files = (
				D899D8001A843A28002127DC /* Main.storyboard in Resources */,
				D899D81B1A855499002127DC /* SagradaFamilia.jpeg in Resources */,
				D899D81D1A855763002127DC /* AlbertEinsteinStamp.jpg in Resources */,
				D899D8051A843A28002127DC /* LaunchScreen.xib in Resources */,
				D899D8021A843A28002127DC /* Images.xcassets in Resources */,
			);
			runOnlyForDeploymentPostprocessing = 0;
		};
		D899D8081A843A28002127DC /* Resources */ = {
			isa = PBXResourcesBuildPhase;
			buildActionMask = 2147483647;
			files = (
			);
			runOnlyForDeploymentPostprocessing = 0;
		};
/* End PBXResourcesBuildPhase section */

/* Begin PBXSourcesBuildPhase section */
		D899D7F11A843A28002127DC /* Sources */ = {
			isa = PBXSourcesBuildPhase;
			buildActionMask = 2147483647;
			files = (
				D899D7FD1A843A28002127DC /* ViewController.swift in Sources */,
				D899D7FB1A843A28002127DC /* AppDelegate.swift in Sources */,
			);
			runOnlyForDeploymentPostprocessing = 0;
		};
		D899D8061A843A28002127DC /* Sources */ = {
			isa = PBXSourcesBuildPhase;
			buildActionMask = 2147483647;
			files = (
				D899D8111A843A28002127DC /* PostcardTests.swift in Sources */,
			);
			runOnlyForDeploymentPostprocessing = 0;
		};
/* End PBXSourcesBuildPhase section */

/* Begin PBXTargetDependency section */
		D899D80C1A843A28002127DC /* PBXTargetDependency */ = {
			isa = PBXTargetDependency;
			target = D899D7F41A843A28002127DC /* Postcard */;
			targetProxy = D899D80B1A843A28002127DC /* PBXContainerItemProxy */;
		};
/* End PBXTargetDependency section */

/* Begin PBXVariantGroup section */
		D899D7FE1A843A28002127DC /* Main.storyboard */ = {
			isa = PBXVariantGroup;
			children = (
				D899D7FF1A843A28002127DC /* Base */,
			);
			name = Main.storyboard;
			sourceTree = "<group>";
		};
		D899D8031A843A28002127DC /* LaunchScreen.xib */ = {
			isa = PBXVariantGroup;
			children = (
				D899D8041A843A28002127DC /* Base */,
			);
			name = LaunchScreen.xib;
			sourceTree = "<group>";
		};
/* End PBXVariantGroup section */

/* Begin XCBuildConfiguration section */
		D899D8121A843A28002127DC /* Debug */ = {
			isa = XCBuildConfiguration;
			buildSettings = {
				ALWAYS_SEARCH_USER_PATHS = NO;
				CLANG_CXX_LANGUAGE_STANDARD = "gnu++0x";
				CLANG_CXX_LIBRARY = "libc++";
				CLANG_ENABLE_MODULES = YES;
				CLANG_ENABLE_OBJC_ARC = YES;
				CLANG_WARN_BOOL_CONVERSION = YES;
				CLANG_WARN_CONSTANT_CONVERSION = YES;
				CLANG_WARN_DIRECT_OBJC_ISA_USAGE = YES_ERROR;
				CLANG_WARN_EMPTY_BODY = YES;
				CLANG_WARN_ENUM_CONVERSION = YES;
				CLANG_WARN_INT_CONVERSION = YES;
				CLANG_WARN_OBJC_ROOT_CLASS = YES_ERROR;
				CLANG_WARN_UNREACHABLE_CODE = YES;
				CLANG_WARN__DUPLICATE_METHOD_MATCH = YES;
				"CODE_SIGN_IDENTITY[sdk=iphoneos*]" = "iPhone Developer";
				COPY_PHASE_STRIP = NO;
				ENABLE_STRICT_OBJC_MSGSEND = YES;
				GCC_C_LANGUAGE_STANDARD = gnu99;
				GCC_DYNAMIC_NO_PIC = NO;
				GCC_OPTIMIZATION_LEVEL = 0;
				GCC_PREPROCESSOR_DEFINITIONS = (
					"DEBUG=1",
					"$(inherited)",
				);
				GCC_SYMBOLS_PRIVATE_EXTERN = NO;
				GCC_WARN_64_TO_32_BIT_CONVERSION = YES;
				GCC_WARN_ABOUT_RETURN_TYPE = YES_ERROR;
				GCC_WARN_UNDECLARED_SELECTOR = YES;
				GCC_WARN_UNINITIALIZED_AUTOS = YES_AGGRESSIVE;
				GCC_WARN_UNUSED_FUNCTION = YES;
				GCC_WARN_UNUSED_VARIABLE = YES;
				IPHONEOS_DEPLOYMENT_TARGET = 8.1;
				MTL_ENABLE_DEBUG_INFO = YES;
				ONLY_ACTIVE_ARCH = YES;
				SDKROOT = iphoneos;
				SWIFT_OPTIMIZATION_LEVEL = "-Onone";
				TARGETED_DEVICE_FAMILY = "1,2";
			};
			name = Debug;
		};
		D899D8131A843A28002127DC /* Release */ = {
			isa = XCBuildConfiguration;
			buildSettings = {
				ALWAYS_SEARCH_USER_PATHS = NO;
				CLANG_CXX_LANGUAGE_STANDARD = "gnu++0x";
				CLANG_CXX_LIBRARY = "libc++";
				CLANG_ENABLE_MODULES = YES;
				CLANG_ENABLE_OBJC_ARC = YES;
				CLANG_WARN_BOOL_CONVERSION = YES;
				CLANG_WARN_CONSTANT_CONVERSION = YES;
				CLANG_WARN_DIRECT_OBJC_ISA_USAGE = YES_ERROR;
				CLANG_WARN_EMPTY_BODY = YES;
				CLANG_WARN_ENUM_CONVERSION = YES;
				CLANG_WARN_INT_CONVERSION = YES;
				CLANG_WARN_OBJC_ROOT_CLASS = YES_ERROR;
				CLANG_WARN_UNREACHABLE_CODE = YES;
				CLANG_WARN__DUPLICATE_METHOD_MATCH = YES;
				"CODE_SIGN_IDENTITY[sdk=iphoneos*]" = "iPhone Developer";
				COPY_PHASE_STRIP = YES;
				ENABLE_NS_ASSERTIONS = NO;
				ENABLE_STRICT_OBJC_MSGSEND = YES;
				GCC_C_LANGUAGE_STANDARD = gnu99;
				GCC_WARN_64_TO_32_BIT_CONVERSION = YES;
				GCC_WARN_ABOUT_RETURN_TYPE = YES_ERROR;
				GCC_WARN_UNDECLARED_SELECTOR = YES;
				GCC_WARN_UNINITIALIZED_AUTOS = YES_AGGRESSIVE;
				GCC_WARN_UNUSED_FUNCTION = YES;
				GCC_WARN_UNUSED_VARIABLE = YES;
				IPHONEOS_DEPLOYMENT_TARGET = 8.1;
				MTL_ENABLE_DEBUG_INFO = NO;
				SDKROOT = iphoneos;
				TARGETED_DEVICE_FAMILY = "1,2";
				VALIDATE_PRODUCT = YES;
			};
			name = Release;
		};
		D899D8151A843A28002127DC /* Debug */ = {
			isa = XCBuildConfiguration;
			buildSettings = {
				ASSETCATALOG_COMPILER_APPICON_NAME = AppIcon;
				INFOPLIST_FILE = Postcard/Info.plist;
				LD_RUNPATH_SEARCH_PATHS = "$(inherited) @executable_path/Frameworks";
				PRODUCT_NAME = "$(TARGET_NAME)";
			};
			name = Debug;
		};
		D899D8161A843A28002127DC /* Release */ = {
			isa = XCBuildConfiguration;
			buildSettings = {
				ASSETCATALOG_COMPILER_APPICON_NAME = AppIcon;
				INFOPLIST_FILE = Postcard/Info.plist;
				LD_RUNPATH_SEARCH_PATHS = "$(inherited) @executable_path/Frameworks";
				PRODUCT_NAME = "$(TARGET_NAME)";
			};
			name = Release;
		};
		D899D8181A843A28002127DC /* Debug */ = {
			isa = XCBuildConfiguration;
			buildSettings = {
				BUNDLE_LOADER = "$(TEST_HOST)";
				FRAMEWORK_SEARCH_PATHS = (
					"$(SDKROOT)/Developer/Library/Frameworks",
					"$(inherited)",
				);
				GCC_PREPROCESSOR_DEFINITIONS = (
					"DEBUG=1",
					"$(inherited)",
				);
				INFOPLIST_FILE = PostcardTests/Info.plist;
				LD_RUNPATH_SEARCH_PATHS = "$(inherited) @executable_path/Frameworks @loader_path/Frameworks";
				PRODUCT_NAME = "$(TARGET_NAME)";
				TEST_HOST = "$(BUILT_PRODUCTS_DIR)/Postcard.app/Postcard";
			};
			name = Debug;
		};
		D899D8191A843A28002127DC /* Release */ = {
			isa = XCBuildConfiguration;
			buildSettings = {
				BUNDLE_LOADER = "$(TEST_HOST)";
				FRAMEWORK_SEARCH_PATHS = (
					"$(SDKROOT)/Developer/Library/Frameworks",
					"$(inherited)",
				);
				INFOPLIST_FILE = PostcardTests/Info.plist;
				LD_RUNPATH_SEARCH_PATHS = "$(inherited) @executable_path/Frameworks @loader_path/Frameworks";
				PRODUCT_NAME = "$(TARGET_NAME)";
				TEST_HOST = "$(BUILT_PRODUCTS_DIR)/Postcard.app/Postcard";
			};
			name = Release;
		};
/* End XCBuildConfiguration section */

/* Begin XCConfigurationList section */
		D899D7F01A843A28002127DC /* Build configuration list for PBXProject "Postcard" */ = {
			isa = XCConfigurationList;
			buildConfigurations = (
				D899D8121A843A28002127DC /* Debug */,
				D899D8131A843A28002127DC /* Release */,
			);
			defaultConfigurationIsVisible = 0;
			defaultConfigurationName = Release;
		};
		D899D8141A843A28002127DC /* Build configuration list for PBXNativeTarget "Postcard" */ = {
			isa = XCConfigurationList;
			buildConfigurations = (
				D899D8151A843A28002127DC /* Debug */,
				D899D8161A843A28002127DC /* Release */,
			);
			defaultConfigurationIsVisible = 0;
		};
		D899D8171A843A28002127DC /* Build configuration list for PBXNativeTarget "PostcardTests" */ = {
			isa = XCConfigurationList;
			buildConfigurations = (
				D899D8181A843A28002127DC /* Debug */,
				D899D8191A843A28002127DC /* Release */,
			);
			defaultConfigurationIsVisible = 0;
		};
/* End XCConfigurationList section */
	};
	rootObject = D899D7ED1A843A28002127DC /* Project object */;
}
